// !$*UTF8*$!
{
	archiveVersion = 1;
	classes = {
	};
	objectVersion = 46;
	objects = {

/* Begin PBXBuildFile section */
		67C7BBA61E16494D00512244 /* AppDelegate.swift in Sources */ = {isa = PBXBuildFile; fileRef = 67C7BBA51E16494D00512244 /* AppDelegate.swift */; };
		67C7BBA81E16494D00512244 /* ViewController.swift in Sources */ = {isa = PBXBuildFile; fileRef = 67C7BBA71E16494D00512244 /* ViewController.swift */; };
		67C7BBAB1E16494D00512244 /* Main.storyboard in Resources */ = {isa = PBXBuildFile; fileRef = 67C7BBA91E16494D00512244 /* Main.storyboard */; };
		67C7BBAE1E16494D00512244 /* RetroCalculator.xcdatamodeld in Sources */ = {isa = PBXBuildFile; fileRef = 67C7BBAC1E16494D00512244 /* RetroCalculator.xcdatamodeld */; };
		67C7BBB01E16494D00512244 /* Assets.xcassets in Resources */ = {isa = PBXBuildFile; fileRef = 67C7BBAF1E16494D00512244 /* Assets.xcassets */; };
		67C7BBB31E16494D00512244 /* LaunchScreen.storyboard in Resources */ = {isa = PBXBuildFile; fileRef = 67C7BBB11E16494D00512244 /* LaunchScreen.storyboard */; };
		67C7BBBE1E16494D00512244 /* RetroCalculatorTests.swift in Sources */ = {isa = PBXBuildFile; fileRef = 67C7BBBD1E16494D00512244 /* RetroCalculatorTests.swift */; };
		67C7BBC91E16494D00512244 /* RetroCalculatorUITests.swift in Sources */ = {isa = PBXBuildFile; fileRef = 67C7BBC81E16494D00512244 /* RetroCalculatorUITests.swift */; };
/* End PBXBuildFile section */

/* Begin PBXContainerItemProxy section */
		67C7BBBA1E16494D00512244 /* PBXContainerItemProxy */ = {
			isa = PBXContainerItemProxy;
			containerPortal = 67C7BB9A1E16494C00512244 /* Project object */;
			proxyType = 1;
			remoteGlobalIDString = 67C7BBA11E16494D00512244;
			remoteInfo = RetroCalculator;
		};
		67C7BBC51E16494D00512244 /* PBXContainerItemProxy */ = {
			isa = PBXContainerItemProxy;
			containerPortal = 67C7BB9A1E16494C00512244 /* Project object */;
			proxyType = 1;
			remoteGlobalIDString = 67C7BBA11E16494D00512244;
			remoteInfo = RetroCalculator;
		};
/* End PBXContainerItemProxy section */

/* Begin PBXFileReference section */
		67C7BBA21E16494D00512244 /* RetroCalculator.app */ = {isa = PBXFileReference; explicitFileType = wrapper.application; includeInIndex = 0; path = RetroCalculator.app; sourceTree = BUILT_PRODUCTS_DIR; };
		67C7BBA51E16494D00512244 /* AppDelegate.swift */ = {isa = PBXFileReference; lastKnownFileType = sourcecode.swift; path = AppDelegate.swift; sourceTree = "<group>"; };
		67C7BBA71E16494D00512244 /* ViewController.swift */ = {isa = PBXFileReference; lastKnownFileType = sourcecode.swift; path = ViewController.swift; sourceTree = "<group>"; };
		67C7BBAA1E16494D00512244 /* Base */ = {isa = PBXFileReference; lastKnownFileType = file.storyboard; name = Base; path = Base.lproj/Main.storyboard; sourceTree = "<group>"; };
		67C7BBAD1E16494D00512244 /* RetroCalculator.xcdatamodel */ = {isa = PBXFileReference; lastKnownFileType = wrapper.xcdatamodel; path = RetroCalculator.xcdatamodel; sourceTree = "<group>"; };
		67C7BBAF1E16494D00512244 /* Assets.xcassets */ = {isa = PBXFileReference; lastKnownFileType = folder.assetcatalog; path = Assets.xcassets; sourceTree = "<group>"; };
		67C7BBB21E16494D00512244 /* Base */ = {isa = PBXFileReference; lastKnownFileType = file.storyboard; name = Base; path = Base.lproj/LaunchScreen.storyboard; sourceTree = "<group>"; };
		67C7BBB41E16494D00512244 /* Info.plist */ = {isa = PBXFileReference; lastKnownFileType = text.plist.xml; path = Info.plist; sourceTree = "<group>"; };
		67C7BBB91E16494D00512244 /* RetroCalculatorTests.xctest */ = {isa = PBXFileReference; explicitFileType = wrapper.cfbundle; includeInIndex = 0; path = RetroCalculatorTests.xctest; sourceTree = BUILT_PRODUCTS_DIR; };
		67C7BBBD1E16494D00512244 /* RetroCalculatorTests.swift */ = {isa = PBXFileReference; lastKnownFileType = sourcecode.swift; path = RetroCalculatorTests.swift; sourceTree = "<group>"; };
		67C7BBBF1E16494D00512244 /* Info.plist */ = {isa = PBXFileReference; lastKnownFileType = text.plist.xml; path = Info.plist; sourceTree = "<group>"; };
		67C7BBC41E16494D00512244 /* RetroCalculatorUITests.xctest */ = {isa = PBXFileReference; explicitFileType = wrapper.cfbundle; includeInIndex = 0; path = RetroCalculatorUITests.xctest; sourceTree = BUILT_PRODUCTS_DIR; };
		67C7BBC81E16494D00512244 /* RetroCalculatorUITests.swift */ = {isa = PBXFileReference; lastKnownFileType = sourcecode.swift; path = RetroCalculatorUITests.swift; sourceTree = "<group>"; };
		67C7BBCA1E16494D00512244 /* Info.plist */ = {isa = PBXFileReference; lastKnownFileType = text.plist.xml; path = Info.plist; sourceTree = "<group>"; };
/* End PBXFileReference section */

/* Begin PBXFrameworksBuildPhase section */
		67C7BB9F1E16494D00512244 /* Frameworks */ = {
			isa = PBXFrameworksBuildPhase;
			buildActionMask = 2147483647;
			files = (
			);
			runOnlyForDeploymentPostprocessing = 0;
		};
		67C7BBB61E16494D00512244 /* Frameworks */ = {
			isa = PBXFrameworksBuildPhase;
			buildActionMask = 2147483647;
			files = (
			);
			runOnlyForDeploymentPostprocessing = 0;
		};
		67C7BBC11E16494D00512244 /* Frameworks */ = {
			isa = PBXFrameworksBuildPhase;
			buildActionMask = 2147483647;
			files = (
			);
			runOnlyForDeploymentPostprocessing = 0;
		};
/* End PBXFrameworksBuildPhase section */

/* Begin PBXGroup section */
		67C7BB991E16494C00512244 = {
			isa = PBXGroup;
			children = (
				67C7BBA41E16494D00512244 /* RetroCalculator */,
				67C7BBBC1E16494D00512244 /* RetroCalculatorTests */,
				67C7BBC71E16494D00512244 /* RetroCalculatorUITests */,
				67C7BBA31E16494D00512244 /* Products */,
			);
			sourceTree = "<group>";
		};
		67C7BBA31E16494D00512244 /* Products */ = {
			isa = PBXGroup;
			children = (
				67C7BBA21E16494D00512244 /* RetroCalculator.app */,
				67C7BBB91E16494D00512244 /* RetroCalculatorTests.xctest */,
				67C7BBC41E16494D00512244 /* RetroCalculatorUITests.xctest */,
			);
			name = Products;
			sourceTree = "<group>";
		};
		67C7BBA41E16494D00512244 /* RetroCalculator */ = {
			isa = PBXGroup;
			children = (
				67C7BBA51E16494D00512244 /* AppDelegate.swift */,
				67C7BBA71E16494D00512244 /* ViewController.swift */,
				67C7BBA91E16494D00512244 /* Main.storyboard */,
				67C7BBAF1E16494D00512244 /* Assets.xcassets */,
				67C7BBB11E16494D00512244 /* LaunchScreen.storyboard */,
				67C7BBB41E16494D00512244 /* Info.plist */,
				67C7BBAC1E16494D00512244 /* RetroCalculator.xcdatamodeld */,
			);
			path = RetroCalculator;
			sourceTree = "<group>";
		};
		67C7BBBC1E16494D00512244 /* RetroCalculatorTests */ = {
			isa = PBXGroup;
			children = (
				67C7BBBD1E16494D00512244 /* RetroCalculatorTests.swift */,
				67C7BBBF1E16494D00512244 /* Info.plist */,
			);
			path = RetroCalculatorTests;
			sourceTree = "<group>";
		};
		67C7BBC71E16494D00512244 /* RetroCalculatorUITests */ = {
			isa = PBXGroup;
			children = (
				67C7BBC81E16494D00512244 /* RetroCalculatorUITests.swift */,
				67C7BBCA1E16494D00512244 /* Info.plist */,
			);
			path = RetroCalculatorUITests;
			sourceTree = "<group>";
		};
/* End PBXGroup section */

/* Begin PBXNativeTarget section */
		67C7BBA11E16494D00512244 /* RetroCalculator */ = {
			isa = PBXNativeTarget;
			buildConfigurationList = 67C7BBCD1E16494D00512244 /* Build configuration list for PBXNativeTarget "RetroCalculator" */;
			buildPhases = (
				67C7BB9E1E16494D00512244 /* Sources */,
				67C7BB9F1E16494D00512244 /* Frameworks */,
				67C7BBA01E16494D00512244 /* Resources */,
			);
			buildRules = (
			);
			dependencies = (
			);
			name = RetroCalculator;
			productName = RetroCalculator;
			productReference = 67C7BBA21E16494D00512244 /* RetroCalculator.app */;
			productType = "com.apple.product-type.application";
		};
		67C7BBB81E16494D00512244 /* RetroCalculatorTests */ = {
			isa = PBXNativeTarget;
			buildConfigurationList = 67C7BBD01E16494D00512244 /* Build configuration list for PBXNativeTarget "RetroCalculatorTests" */;
			buildPhases = (
				67C7BBB51E16494D00512244 /* Sources */,
				67C7BBB61E16494D00512244 /* Frameworks */,
				67C7BBB71E16494D00512244 /* Resources */,
			);
			buildRules = (
			);
			dependencies = (
				67C7BBBB1E16494D00512244 /* PBXTargetDependency */,
			);
			name = RetroCalculatorTests;
			productName = RetroCalculatorTests;
			productReference = 67C7BBB91E16494D00512244 /* RetroCalculatorTests.xctest */;
			productType = "com.apple.product-type.bundle.unit-test";
		};
		67C7BBC31E16494D00512244 /* RetroCalculatorUITests */ = {
			isa = PBXNativeTarget;
			buildConfigurationList = 67C7BBD31E16494D00512244 /* Build configuration list for PBXNativeTarget "RetroCalculatorUITests" */;
			buildPhases = (
				67C7BBC01E16494D00512244 /* Sources */,
				67C7BBC11E16494D00512244 /* Frameworks */,
				67C7BBC21E16494D00512244 /* Resources */,
			);
			buildRules = (
			);
			dependencies = (
				67C7BBC61E16494D00512244 /* PBXTargetDependency */,
			);
			name = RetroCalculatorUITests;
			productName = RetroCalculatorUITests;
			productReference = 67C7BBC41E16494D00512244 /* RetroCalculatorUITests.xctest */;
			productType = "com.apple.product-type.bundle.ui-testing";
		};
/* End PBXNativeTarget section */

/* Begin PBXProject section */
		67C7BB9A1E16494C00512244 /* Project object */ = {
			isa = PBXProject;
			attributes = {
				LastSwiftUpdateCheck = 0800;
				LastUpgradeCheck = 0800;
				ORGANIZATIONNAME = NguyenHung;
				TargetAttributes = {
					67C7BBA11E16494D00512244 = {
						CreatedOnToolsVersion = 8.0;
						ProvisioningStyle = Automatic;
					};
					67C7BBB81E16494D00512244 = {
						CreatedOnToolsVersion = 8.0;
						ProvisioningStyle = Automatic;
						TestTargetID = 67C7BBA11E16494D00512244;
					};
					67C7BBC31E16494D00512244 = {
						CreatedOnToolsVersion = 8.0;
						ProvisioningStyle = Automatic;
						TestTargetID = 67C7BBA11E16494D00512244;
					};
				};
			};
			buildConfigurationList = 67C7BB9D1E16494C00512244 /* Build configuration list for PBXProject "RetroCalculator" */;
			compatibilityVersion = "Xcode 3.2";
			developmentRegion = English;
			hasScannedForEncodings = 0;
			knownRegions = (
				en,
				Base,
			);
			mainGroup = 67C7BB991E16494C00512244;
			productRefGroup = 67C7BBA31E16494D00512244 /* Products */;
			projectDirPath = "";
			projectRoot = "";
			targets = (
				67C7BBA11E16494D00512244 /* RetroCalculator */,
				67C7BBB81E16494D00512244 /* RetroCalculatorTests */,
				67C7BBC31E16494D00512244 /* RetroCalculatorUITests */,
			);
		};
/* End PBXProject section */

/* Begin PBXResourcesBuildPhase section */
		67C7BBA01E16494D00512244 /* Resources */ = {
			isa = PBXResourcesBuildPhase;
			buildActionMask = 2147483647;
			files = (
				67C7BBB31E16494D00512244 /* LaunchScreen.storyboard in Resources */,
				67C7BBB01E16494D00512244 /* Assets.xcassets in Resources */,
				67C7BBAB1E16494D00512244 /* Main.storyboard in Resources */,
			);
			runOnlyForDeploymentPostprocessing = 0;
		};
		67C7BBB71E16494D00512244 /* Resources */ = {
			isa = PBXResourcesBuildPhase;
			buildActionMask = 2147483647;
			files = (
			);
			runOnlyForDeploymentPostprocessing = 0;
		};
		67C7BBC21E16494D00512244 /* Resources */ = {
			isa = PBXResourcesBuildPhase;
			buildActionMask = 2147483647;
			files = (
			);
			runOnlyForDeploymentPostprocessing = 0;
		};
/* End PBXResourcesBuildPhase section */

/* Begin PBXSourcesBuildPhase section */
		67C7BB9E1E16494D00512244 /* Sources */ = {
			isa = PBXSourcesBuildPhase;
			buildActionMask = 2147483647;
			files = (
				67C7BBA81E16494D00512244 /* ViewController.swift in Sources */,
				67C7BBAE1E16494D00512244 /* RetroCalculator.xcdatamodeld in Sources */,
				67C7BBA61E16494D00512244 /* AppDelegate.swift in Sources */,
			);
			runOnlyForDeploymentPostprocessing = 0;
		};
		67C7BBB51E16494D00512244 /* Sources */ = {
			isa = PBXSourcesBuildPhase;
			buildActionMask = 2147483647;
			files = (
				67C7BBBE1E16494D00512244 /* RetroCalculatorTests.swift in Sources */,
			);
			runOnlyForDeploymentPostprocessing = 0;
		};
		67C7BBC01E16494D00512244 /* Sources */ = {
			isa = PBXSourcesBuildPhase;
			buildActionMask = 2147483647;
			files = (
				67C7BBC91E16494D00512244 /* RetroCalculatorUITests.swift in Sources */,
			);
			runOnlyForDeploymentPostprocessing = 0;
		};
/* End PBXSourcesBuildPhase section */

/* Begin PBXTargetDependency section */
		67C7BBBB1E16494D00512244 /* PBXTargetDependency */ = {
			isa = PBXTargetDependency;
			target = 67C7BBA11E16494D00512244 /* RetroCalculator */;
			targetProxy = 67C7BBBA1E16494D00512244 /* PBXContainerItemProxy */;
		};
		67C7BBC61E16494D00512244 /* PBXTargetDependency */ = {
			isa = PBXTargetDependency;
			target = 67C7BBA11E16494D00512244 /* RetroCalculator */;
			targetProxy = 67C7BBC51E16494D00512244 /* PBXContainerItemProxy */;
		};
/* End PBXTargetDependency section */

/* Begin PBXVariantGroup section */
		67C7BBA91E16494D00512244 /* Main.storyboard */ = {
			isa = PBXVariantGroup;
			children = (
				67C7BBAA1E16494D00512244 /* Base */,
			);
			name = Main.storyboard;
			sourceTree = "<group>";
		};
		67C7BBB11E16494D00512244 /* LaunchScreen.storyboard */ = {
			isa = PBXVariantGroup;
			children = (
				67C7BBB21E16494D00512244 /* Base */,
			);
			name = LaunchScreen.storyboard;
			sourceTree = "<group>";
		};
/* End PBXVariantGroup section */

/* Begin XCBuildConfiguration section */
		67C7BBCB1E16494D00512244 /* Debug */ = {
			isa = XCBuildConfiguration;
			buildSettings = {
				ALWAYS_SEARCH_USER_PATHS = NO;
				CLANG_ANALYZER_NONNULL = YES;
				CLANG_CXX_LANGUAGE_STANDARD = "gnu++0x";
				CLANG_CXX_LIBRARY = "libc++";
				CLANG_ENABLE_MODULES = YES;
				CLANG_ENABLE_OBJC_ARC = YES;
				CLANG_WARN_BOOL_CONVERSION = YES;
				CLANG_WARN_CONSTANT_CONVERSION = YES;
				CLANG_WARN_DIRECT_OBJC_ISA_USAGE = YES_ERROR;
				CLANG_WARN_DOCUMENTATION_COMMENTS = YES;
				CLANG_WARN_EMPTY_BODY = YES;
				CLANG_WARN_ENUM_CONVERSION = YES;
				CLANG_WARN_INFINITE_RECURSION = YES;
				CLANG_WARN_INT_CONVERSION = YES;
				CLANG_WARN_OBJC_ROOT_CLASS = YES_ERROR;
				CLANG_WARN_SUSPICIOUS_MOVES = YES;
				CLANG_WARN_UNREACHABLE_CODE = YES;
				CLANG_WARN__DUPLICATE_METHOD_MATCH = YES;
				"CODE_SIGN_IDENTITY[sdk=iphoneos*]" = "iPhone Developer";
				COPY_PHASE_STRIP = NO;
				DEBUG_INFORMATION_FORMAT = dwarf;
				ENABLE_STRICT_OBJC_MSGSEND = YES;
				ENABLE_TESTABILITY = YES;
				GCC_C_LANGUAGE_STANDARD = gnu99;
				GCC_DYNAMIC_NO_PIC = NO;
				GCC_NO_COMMON_BLOCKS = YES;
				GCC_OPTIMIZATION_LEVEL = 0;
				GCC_PREPROCESSOR_DEFINITIONS = (
					"DEBUG=1",
					"$(inherited)",
				);
				GCC_WARN_64_TO_32_BIT_CONVERSION = YES;
				GCC_WARN_ABOUT_RETURN_TYPE = YES_ERROR;
				GCC_WARN_UNDECLARED_SELECTOR = YES;
				GCC_WARN_UNINITIALIZED_AUTOS = YES_AGGRESSIVE;
				GCC_WARN_UNUSED_FUNCTION = YES;
				GCC_WARN_UNUSED_VARIABLE = YES;
				IPHONEOS_DEPLOYMENT_TARGET = 10.0;
				MTL_ENABLE_DEBUG_INFO = YES;
				ONLY_ACTIVE_ARCH = YES;
				SDKROOT = iphoneos;
				SWIFT_ACTIVE_COMPILATION_CONDITIONS = DEBUG;
				SWIFT_OPTIMIZATION_LEVEL = "-Onone";
				TARGETED_DEVICE_FAMILY = "1,2";
			};
			name = Debug;
		};
		67C7BBCC1E16494D00512244 /* Release */ = {
			isa = XCBuildConfiguration;
			buildSettings = {
				ALWAYS_SEARCH_USER_PATHS = NO;
				CLANG_ANALYZER_NONNULL = YES;
				CLANG_CXX_LANGUAGE_STANDARD = "gnu++0x";
				CLANG_CXX_LIBRARY = "libc++";
				CLANG_ENABLE_MODULES = YES;
				CLANG_ENABLE_OBJC_ARC = YES;
				CLANG_WARN_BOOL_CONVERSION = YES;
				CLANG_WARN_CONSTANT_CONVERSION = YES;
				CLANG_WARN_DIRECT_OBJC_ISA_USAGE = YES_ERROR;
				CLANG_WARN_DOCUMENTATION_COMMENTS = YES;
				CLANG_WARN_EMPTY_BODY = YES;
				CLANG_WARN_ENUM_CONVERSION = YES;
				CLANG_WARN_INFINITE_RECURSION = YES;
				CLANG_WARN_INT_CONVERSION = YES;
				CLANG_WARN_OBJC_ROOT_CLASS = YES_ERROR;
				CLANG_WARN_SUSPICIOUS_MOVES = YES;
				CLANG_WARN_UNREACHABLE_CODE = YES;
				CLANG_WARN__DUPLICATE_METHOD_MATCH = YES;
				"CODE_SIGN_IDENTITY[sdk=iphoneos*]" = "iPhone Developer";
				COPY_PHASE_STRIP = NO;
				DEBUG_INFORMATION_FORMAT = "dwarf-with-dsym";
				ENABLE_NS_ASSERTIONS = NO;
				ENABLE_STRICT_OBJC_MSGSEND = YES;
				GCC_C_LANGUAGE_STANDARD = gnu99;
				GCC_NO_COMMON_BLOCKS = YES;
				GCC_WARN_64_TO_32_BIT_CONVERSION = YES;
				GCC_WARN_ABOUT_RETURN_TYPE = YES_ERROR;
				GCC_WARN_UNDECLARED_SELECTOR = YES;
				GCC_WARN_UNINITIALIZED_AUTOS = YES_AGGRESSIVE;
				GCC_WARN_UNUSED_FUNCTION = YES;
				GCC_WARN_UNUSED_VARIABLE = YES;
				IPHONEOS_DEPLOYMENT_TARGET = 10.0;
				MTL_ENABLE_DEBUG_INFO = NO;
				SDKROOT = iphoneos;
				SWIFT_OPTIMIZATION_LEVEL = "-Owholemodule";
				TARGETED_DEVICE_FAMILY = "1,2";
				VALIDATE_PRODUCT = YES;
			};
			name = Release;
		};
		67C7BBCE1E16494D00512244 /* Debug */ = {
			isa = XCBuildConfiguration;
			buildSettings = {
				ASSETCATALOG_COMPILER_APPICON_NAME = AppIcon;
				INFOPLIST_FILE = RetroCalculator/Info.plist;
				LD_RUNPATH_SEARCH_PATHS = "$(inherited) @executable_path/Frameworks";
				PRODUCT_BUNDLE_IDENTIFIER = com.RetroCalculator;
				PRODUCT_NAME = "$(TARGET_NAME)";
				SWIFT_VERSION = 3.0;
			};
			name = Debug;
		};
		67C7BBCF1E16494D00512244 /* Release */ = {
			isa = XCBuildConfiguration;
			buildSettings = {
				ASSETCATALOG_COMPILER_APPICON_NAME = AppIcon;
				INFOPLIST_FILE = RetroCalculator/Info.plist;
				LD_RUNPATH_SEARCH_PATHS = "$(inherited) @executable_path/Frameworks";
				PRODUCT_BUNDLE_IDENTIFIER = com.RetroCalculator;
				PRODUCT_NAME = "$(TARGET_NAME)";
				SWIFT_VERSION = 3.0;
			};
			name = Release;
		};
		67C7BBD11E16494D00512244 /* Debug */ = {
			isa = XCBuildConfiguration;
			buildSettings = {
				ALWAYS_EMBED_SWIFT_STANDARD_LIBRARIES = YES;
				BUNDLE_LOADER = "$(TEST_HOST)";
				INFOPLIST_FILE = RetroCalculatorTests/Info.plist;
				LD_RUNPATH_SEARCH_PATHS = "$(inherited) @executable_path/Frameworks @loader_path/Frameworks";
				PRODUCT_BUNDLE_IDENTIFIER = com.RetroCalculatorTests;
				PRODUCT_NAME = "$(TARGET_NAME)";
				SWIFT_VERSION = 3.0;
				TEST_HOST = "$(BUILT_PRODUCTS_DIR)/RetroCalculator.app/RetroCalculator";
			};
			name = Debug;
		};
		67C7BBD21E16494D00512244 /* Release */ = {
			isa = XCBuildConfiguration;
			buildSettings = {
				ALWAYS_EMBED_SWIFT_STANDARD_LIBRARIES = YES;
				BUNDLE_LOADER = "$(TEST_HOST)";
				INFOPLIST_FILE = RetroCalculatorTests/Info.plist;
				LD_RUNPATH_SEARCH_PATHS = "$(inherited) @executable_path/Frameworks @loader_path/Frameworks";
				PRODUCT_BUNDLE_IDENTIFIER = com.RetroCalculatorTests;
				PRODUCT_NAME = "$(TARGET_NAME)";
				SWIFT_VERSION = 3.0;
				TEST_HOST = "$(BUILT_PRODUCTS_DIR)/RetroCalculator.app/RetroCalculator";
			};
			name = Release;
		};
		67C7BBD41E16494D00512244 /* Debug */ = {
			isa = XCBuildConfiguration;
			buildSettings = {
				ALWAYS_EMBED_SWIFT_STANDARD_LIBRARIES = YES;
				INFOPLIST_FILE = RetroCalculatorUITests/Info.plist;
				LD_RUNPATH_SEARCH_PATHS = "$(inherited) @executable_path/Frameworks @loader_path/Frameworks";
				PRODUCT_BUNDLE_IDENTIFIER = com.RetroCalculatorUITests;
				PRODUCT_NAME = "$(TARGET_NAME)";
				SWIFT_VERSION = 3.0;
				TEST_TARGET_NAME = RetroCalculator;
			};
			name = Debug;
		};
		67C7BBD51E16494D00512244 /* Release */ = {
			isa = XCBuildConfiguration;
			buildSettings = {
				ALWAYS_EMBED_SWIFT_STANDARD_LIBRARIES = YES;
				INFOPLIST_FILE = RetroCalculatorUITests/Info.plist;
				LD_RUNPATH_SEARCH_PATHS = "$(inherited) @executable_path/Frameworks @loader_path/Frameworks";
				PRODUCT_BUNDLE_IDENTIFIER = com.RetroCalculatorUITests;
				PRODUCT_NAME = "$(TARGET_NAME)";
				SWIFT_VERSION = 3.0;
				TEST_TARGET_NAME = RetroCalculator;
			};
			name = Release;
		};
/* End XCBuildConfiguration section */

/* Begin XCConfigurationList section */
		67C7BB9D1E16494C00512244 /* Build configuration list for PBXProject "RetroCalculator" */ = {
			isa = XCConfigurationList;
			buildConfigurations = (
				67C7BBCB1E16494D00512244 /* Debug */,
				67C7BBCC1E16494D00512244 /* Release */,
			);
			defaultConfigurationIsVisible = 0;
			defaultConfigurationName = Release;
		};
		67C7BBCD1E16494D00512244 /* Build configuration list for PBXNativeTarget "RetroCalculator" */ = {
			isa = XCConfigurationList;
			buildConfigurations = (
				67C7BBCE1E16494D00512244 /* Debug */,
				67C7BBCF1E16494D00512244 /* Release */,
			);
			defaultConfigurationIsVisible = 0;
		};
		67C7BBD01E16494D00512244 /* Build configuration list for PBXNativeTarget "RetroCalculatorTests" */ = {
			isa = XCConfigurationList;
			buildConfigurations = (
				67C7BBD11E16494D00512244 /* Debug */,
				67C7BBD21E16494D00512244 /* Release */,
			);
			defaultConfigurationIsVisible = 0;
		};
		67C7BBD31E16494D00512244 /* Build configuration list for PBXNativeTarget "RetroCalculatorUITests" */ = {
			isa = XCConfigurationList;
			buildConfigurations = (
				67C7BBD41E16494D00512244 /* Debug */,
				67C7BBD51E16494D00512244 /* Release */,
			);
			defaultConfigurationIsVisible = 0;
		};
/* End XCConfigurationList section */

/* Begin XCVersionGroup section */
		67C7BBAC1E16494D00512244 /* RetroCalculator.xcdatamodeld */ = {
			isa = XCVersionGroup;
			children = (
				67C7BBAD1E16494D00512244 /* RetroCalculator.xcdatamodel */,
			);
			currentVersion = 67C7BBAD1E16494D00512244 /* RetroCalculator.xcdatamodel */;
			path = RetroCalculator.xcdatamodeld;
			sourceTree = "<group>";
			versionGroupType = wrapper.xcdatamodel;
		};
/* End XCVersionGroup section */
	};
	rootObject = 67C7BB9A1E16494C00512244 /* Project object */;
}
